
Microsoft Visual Studio Solution File, Format Version 12.00
# Visual Studio Version 16
VisualStudioVersion = 16.0.28803.452
MinimumVisualStudioVersion = 10.0.40219.1
Project("{8BC9CEB8-8B4A-11D0-8D11-00A0C91BC942}") = "MFCGateDraw", "MFCGateDraw.vcxproj", "{3E8F0D4F-D9EF-4ECB-96D5-BAE4AC994179}"
EndProject
Global
	GlobalSection(SolutionConfigurationPlatforms) = preSolution
		Debug|x64 = Debug|x64
		Debug|x86 = Debug|x86
		Release|x64 = Release|x64
		Release|x86 = Release|x86
	EndGlobalSection
	GlobalSection(ProjectConfigurationPlatforms) = postSolution
		{3E8F0D4F-D9EF-4ECB-96D5-BAE4AC994179}.Debug|x64.ActiveCfg = Debug|x64
		{3E8F0D4F-D9EF-4ECB-96D5-BAE4AC994179}.Debug|x64.Build.0 = Debug|x64
		{3E8F0D4F-D9EF-4ECB-96D5-BAE4AC994179}.Debug|x86.ActiveCfg = Debug|Win32
		{3E8F0D4F-D9EF-4ECB-96D5-BAE4AC994179}.Debug|x86.Build.0 = Debug|Win32
		{3E8F0D4F-D9EF-4ECB-96D5-BAE4AC994179}.Release|x64.ActiveCfg = Release|x64
		{3E8F0D4F-D9EF-4ECB-96D5-BAE4AC994179}.Release|x64.Build.0 = Release|x64
		{3E8F0D4F-D9EF-4ECB-96D5-BAE4AC994179}.Release|x86.ActiveCfg = Release|Win32
		{3E8F0D4F-D9EF-4ECB-96D5-BAE4AC994179}.Release|x86.Build.0 = Release|Win32
	EndGlobalSection
	GlobalSection(SolutionProperties) = preSolution
		HideSolutionNode = FALSE
	EndGlobalSection
	GlobalSection(ExtensibilityGlobals) = postSolution
		SolutionGuid = {7262B9F0-2C49-4F72-9AEC-1C08ABE5A8ED}
	EndGlobalSection
EndGlobal
